
Microsoft Visual Studio Solution File, Format Version 12.00
Project("{FAE04EC0-301F-11D3-BF4B-00C04F79EFBC}") = "TodoApi", "TodoApi\TodoApi.csproj", "{DC5D449B-9D8A-4166-9D9D-EF39725CF521}"
EndProject
Global
	GlobalSection(SolutionConfigurationPlatforms) = preSolution
		Debug|Any CPU = Debug|Any CPU
		Release|Any CPU = Release|Any CPU
	EndGlobalSection
	GlobalSection(ProjectConfigurationPlatforms) = postSolution
		{DC5D449B-9D8A-4166-9D9D-EF39725CF521}.Debug|Any CPU.ActiveCfg = Debug|Any CPU
		{DC5D449B-9D8A-4166-9D9D-EF39725CF521}.Debug|Any CPU.Build.0 = Debug|Any CPU
		{DC5D449B-9D8A-4166-9D9D-EF39725CF521}.Release|Any CPU.ActiveCfg = Release|Any CPU
		{DC5D449B-9D8A-4166-9D9D-EF39725CF521}.Release|Any CPU.Build.0 = Release|Any CPU
	EndGlobalSection
EndGlobal
